
Microsoft Visual Studio Solution File, Format Version 12.00
# Visual Studio Version 16
VisualStudioVersion = 16.0.31402.337
MinimumVisualStudioVersion = 10.0.40219.1
Project("{8BC9CEB8-8B4A-11D0-8D11-00A0C91BC942}") = "Cplusplus", "Cplusplus\Cplusplus.vcxproj", "{3ADEADCC-EFC1-4482-B338-513D7A01DE47}"
EndProject
Project("{8BC9CEB8-8B4A-11D0-8D11-00A0C91BC942}") = "Engine", "Engine\Engine.vcxproj", "{9DFEF971-2AE0-4CFF-8594-4E2DFBA0999D}"
EndProject
Global
	GlobalSection(SolutionConfigurationPlatforms) = preSolution
		Debug|x64 = Debug|x64
		Debug|x86 = Debug|x86
		Release|x64 = Release|x64
		Release|x86 = Release|x86
	EndGlobalSection
	GlobalSection(ProjectConfigurationPlatforms) = postSolution
		{3ADEADCC-EFC1-4482-B338-513D7A01DE47}.Debug|x64.ActiveCfg = Debug|x64
		{3ADEADCC-EFC1-4482-B338-513D7A01DE47}.Debug|x64.Build.0 = Debug|x64
		{3ADEADCC-EFC1-4482-B338-513D7A01DE47}.Debug|x86.ActiveCfg = Debug|Win32
		{3ADEADCC-EFC1-4482-B338-513D7A01DE47}.Debug|x86.Build.0 = Debug|Win32
		{3ADEADCC-EFC1-4482-B338-513D7A01DE47}.Release|x64.ActiveCfg = Release|x64
		{3ADEADCC-EFC1-4482-B338-513D7A01DE47}.Release|x64.Build.0 = Release|x64
		{3ADEADCC-EFC1-4482-B338-513D7A01DE47}.Release|x86.ActiveCfg = Release|Win32
		{3ADEADCC-EFC1-4482-B338-513D7A01DE47}.Release|x86.Build.0 = Release|Win32
		{9DFEF971-2AE0-4CFF-8594-4E2DFBA0999D}.Debug|x64.ActiveCfg = Debug|x64
		{9DFEF971-2AE0-4CFF-8594-4E2DFBA0999D}.Debug|x64.Build.0 = Debug|x64
		{9DFEF971-2AE0-4CFF-8594-4E2DFBA0999D}.Debug|x86.ActiveCfg = Debug|Win32
		{9DFEF971-2AE0-4CFF-8594-4E2DFBA0999D}.Debug|x86.Build.0 = Debug|Win32
		{9DFEF971-2AE0-4CFF-8594-4E2DFBA0999D}.Release|x64.ActiveCfg = Release|x64
		{9DFEF971-2AE0-4CFF-8594-4E2DFBA0999D}.Release|x64.Build.0 = Release|x64
		{9DFEF971-2AE0-4CFF-8594-4E2DFBA0999D}.Release|x86.ActiveCfg = Release|Win32
		{9DFEF971-2AE0-4CFF-8594-4E2DFBA0999D}.Release|x86.Build.0 = Release|Win32
	EndGlobalSection
	GlobalSection(SolutionProperties) = preSolution
		HideSolutionNode = FALSE
	EndGlobalSection
	GlobalSection(ExtensibilityGlobals) = postSolution
		SolutionGuid = {50D4DD9F-07EE-49B8-A4BC-36C798742118}
	EndGlobalSection
EndGlobal
