<?xml version="1.0" encoding="utf-8"?>
<Project ToolsVersion="4.0" xmlns="http://schemas.microsoft.com/developer/msbuild/2003">
  <ItemGroup>
    <Filter Include="Source Files">
      <UniqueIdentifier>{4FC737F1-C7A5-4376-A066-2A32D752A2FF}</UniqueIdentifier>
      <Extensions>cpp;c;cc;cxx;c++;cppm;ixx;def;odl;idl;hpj;bat;asm;asmx</Extensions>
    </Filter>
    <Filter Include="Header Files">
      <UniqueIdentifier>{93995380-89BD-4b04-88EB-625FBE52EBFB}</UniqueIdentifier>
      <Extensions>h;hh;hpp;hxx;h++;hm;inl;inc;ipp;xsd</Extensions>
    </Filter>
    <Filter Include="Resource Files">
      <UniqueIdentifier>{67DA6AB6-F800-4c08-8B7A-83BB121AAD01}</UniqueIdentifier>
      <Extensions>rc;ico;cur;bmp;dlg;rc2;rct;bin;rgs;gif;jpg;jpeg;jpe;resx;tiff;tif;png;wav;mfcribbon-ms</Extensions>
    </Filter>
  </ItemGroup>
  <ItemGroup>
    <ClCompile Include="src\main.cpp">
      <Filter>Source Files</Filter>
    </ClCompile>
    <ClCompile Include="src\01_variables.cpp">
      <Filter>Source Files</Filter>
    </ClCompile>
    <ClCompile Include="src\02_functions.cpp">
      <Filter>Source Files</Filter>
    </ClCompile>
    <ClCompile Include="src\03_header.cpp">
      <Filter>Source Files</Filter>
    </ClCompile>
    <ClCompile Include="src\04_debug.cpp">
      <Filter>Source Files</Filter>
    </ClCompile>
    <ClCompile Include="src\05_conditions.cpp">
      <Filter>Source Files</Filter>
    </ClCompile>
    <ClCompile Include="src\06_loops.cpp">
      <Filter>Source Files</Filter>
    </ClCompile>
    <ClCompile Include="src\07_control_flow.cpp">
      <Filter>Source Files</Filter>
    </ClCompile>
    <ClCompile Include="src\08_ponteiros.cpp">
      <Filter>Source Files</Filter>
    </ClCompile>
    <ClCompile Include="src\44_template.cpp">
      <Filter>Source Files</Filter>
    </ClCompile>
    <ClCompile Include="src\09_references.cpp">
      <Filter>Source Files</Filter>
    </ClCompile>
    <ClCompile Include="src\10_11_classes.cpp">
      <Filter>Source Files</Filter>
    </ClCompile>
    <ClCompile Include="src\12_writting_a_class.cpp">
      <Filter>Source Files</Filter>
    </ClCompile>
    <ClCompile Include="src\13-15_static.cpp">
      <Filter>Source Files</Filter>
    </ClCompile>
    <ClCompile Include="src\16-18_constructor_destructor.cpp">
      <Filter>Source Files</Filter>
    </ClCompile>
    <ClCompile Include="src\19_20_virtual.cpp">
      <Filter>Source Files</Filter>
    </ClCompile>
    <ClCompile Include="src\21_visibility.cpp">
      <Filter>Source Files</Filter>
    </ClCompile>
    <ClCompile Include="src\22_array.cpp">
      <Filter>Source Files</Filter>
    </ClCompile>
    <ClCompile Include="src\23_String.cpp">
      <Filter>Source Files</Filter>
    </ClCompile>
    <ClCompile Include="src\24_String_literals.cpp">
      <Filter>Source Files</Filter>
    </ClCompile>
    <ClCompile Include="src\25_const.cpp">
      <Filter>Source Files</Filter>
    </ClCompile>
    <ClCompile Include="src\26_mutable.cpp">
      <Filter>Source Files</Filter>
    </ClCompile>
    <ClCompile Include="src\27_mem_init_list.cpp">
      <Filter>Source Files</Filter>
    </ClCompile>
    <ClCompile Include="src\28_ternary_operator.cpp">
      <Filter>Source Files</Filter>
    </ClCompile>
    <ClCompile Include="src\29_init_objects.cpp">
      <Filter>Source Files</Filter>
    </ClCompile>
    <ClCompile Include="src\30_new_keyword.cpp">
      <Filter>Source Files</Filter>
    </ClCompile>
    <ClCompile Include="src\31_conversions.cpp">
      <Filter>Source Files</Filter>
    </ClCompile>
    <ClCompile Include="src\32_operator.cpp">
      <Filter>Source Files</Filter>
    </ClCompile>
    <ClCompile Include="src\33_this.cpp">
      <Filter>Source Files</Filter>
    </ClCompile>
    <ClCompile Include="src\34_object_lifetime.cpp">
      <Filter>Source Files</Filter>
    </ClCompile>
    <ClCompile Include="src\35_smart_ptr.cpp">
      <Filter>Source Files</Filter>
    </ClCompile>
    <ClCompile Include="src\36_copying.cpp">
      <Filter>Source Files</Filter>
    </ClCompile>
    <ClCompile Include="src\37_arrow_operator.cpp">
      <Filter>Source Files</Filter>
    </ClCompile>
    <ClCompile Include="src\38_std_vector_begin.cpp">
      <Filter>Source Files</Filter>
    </ClCompile>
    <ClCompile Include="src\39_std_vector_advance.cpp">
      <Filter>Source Files</Filter>
    </ClCompile>
    <ClCompile Include="src\40-41_static_dynamic_libraries.cpp">
      <Filter>Source Files</Filter>
    </ClCompile>
    <ClCompile Include="src\42_libraries_making_staticlib.cpp">
      <Filter>Source Files</Filter>
    </ClCompile>
    <ClCompile Include="src\43_multiple_returns.cpp">
      <Filter>Source Files</Filter>
    </ClCompile>
    <ClCompile Include="src\45_stack_vs_heap.cpp">
      <Filter>Source Files</Filter>
    </ClCompile>
    <ClCompile Include="src\46_macros.cpp">
      <Filter>Source Files</Filter>
    </ClCompile>
    <ClCompile Include="src\47_auto.cpp">
      <Filter>Source Files</Filter>
    </ClCompile>
    <ClCompile Include="src\48_static_arrays.cpp">
      <Filter>Source Files</Filter>
    </ClCompile>
    <ClCompile Include="src\49_function_pointers.cpp">
      <Filter>Source Files</Filter>
    </ClCompile>
    <ClCompile Include="src\50_Lambdas.cpp">
      <Filter>Source Files</Filter>
    </ClCompile>
    <ClCompile Include="src\51_namespace.cpp">
      <Filter>Source Files</Filter>
    </ClCompile>
    <ClCompile Include="src\52_threads.cpp">
      <Filter>Source Files</Filter>
    </ClCompile>
    <ClCompile Include="src\53_timing.cpp">
      <Filter>Source Files</Filter>
    </ClCompile>
    <ClCompile Include="src\54_multi_dimensional_arrays.cpp">
      <Filter>Source Files</Filter>
    </ClCompile>
    <ClCompile Include="src\99_leetcode_01.cpp">
      <Filter>Source Files</Filter>
    </ClCompile>
    <ClCompile Include="src\99_leetcode_02.cpp">
      <Filter>Source Files</Filter>
    </ClCompile>
    <ClCompile Include="src\99_leetcode_03.cpp">
      <Filter>Source Files</Filter>
    </ClCompile>
    <ClCompile Include="src\99_linked_list.cpp">
      <Filter>Source Files</Filter>
    </ClCompile>
    <ClCompile Include="src\82_iterators.cpp">
      <Filter>Source Files</Filter>
    </ClCompile>
    <ClCompile Include="src\55_sorting.cpp">
      <Filter>Source Files</Filter>
    </ClCompile>
    <ClCompile Include="src\56_type_punning.cpp">
      <Filter>Source Files</Filter>
    </ClCompile>
  </ItemGroup>
  <ItemGroup>
    <ClInclude Include="header\lzm.h">
      <Filter>Header Files</Filter>
    </ClInclude>
    <ClInclude Include="header\simone.h">
      <Filter>Header Files</Filter>
    </ClInclude>
  </ItemGroup>
  <ItemGroup>
    <None Include="packages.config" />
  </ItemGroup>
</Project>